// !$*UTF8*$!
{
	archiveVersion = 1;
	classes = {
	};
	objectVersion = 55;
	objects = {

/* Begin PBXBuildFile section */
		FDA6FFB0280CE34A009C0679 /* AfricaApp.swift in Sources */ = {isa = PBXBuildFile; fileRef = FDA6FFAF280CE34A009C0679 /* AfricaApp.swift */; };
		FDA6FFB2280CE34A009C0679 /* ContentView.swift in Sources */ = {isa = PBXBuildFile; fileRef = FDA6FFB1280CE34A009C0679 /* ContentView.swift */; };
		FDA6FFB4280CE34B009C0679 /* Assets.xcassets in Resources */ = {isa = PBXBuildFile; fileRef = FDA6FFB3280CE34B009C0679 /* Assets.xcassets */; };
		FDA6FFB7280CE34B009C0679 /* Preview Assets.xcassets in Resources */ = {isa = PBXBuildFile; fileRef = FDA6FFB6280CE34B009C0679 /* Preview Assets.xcassets */; };
		FDA6FFC8280CE543009C0679 /* rhino.mp4 in Resources */ = {isa = PBXBuildFile; fileRef = FDA6FFBE280CE542009C0679 /* rhino.mp4 */; };
		FDA6FFC9280CE543009C0679 /* zebra.mp4 in Resources */ = {isa = PBXBuildFile; fileRef = FDA6FFBF280CE542009C0679 /* zebra.mp4 */; };
		FDA6FFCA280CE543009C0679 /* hippo.mp4 in Resources */ = {isa = PBXBuildFile; fileRef = FDA6FFC0280CE542009C0679 /* hippo.mp4 */; };
		FDA6FFCB280CE543009C0679 /* lion.mp4 in Resources */ = {isa = PBXBuildFile; fileRef = FDA6FFC1280CE542009C0679 /* lion.mp4 */; };
		FDA6FFCC280CE543009C0679 /* ostrich.mp4 in Resources */ = {isa = PBXBuildFile; fileRef = FDA6FFC2280CE543009C0679 /* ostrich.mp4 */; };
		FDA6FFCD280CE543009C0679 /* cheetah.mp4 in Resources */ = {isa = PBXBuildFile; fileRef = FDA6FFC3280CE543009C0679 /* cheetah.mp4 */; };
		FDA6FFCE280CE543009C0679 /* giraffe.mp4 in Resources */ = {isa = PBXBuildFile; fileRef = FDA6FFC4280CE543009C0679 /* giraffe.mp4 */; };
		FDA6FFCF280CE543009C0679 /* gorilla.mp4 in Resources */ = {isa = PBXBuildFile; fileRef = FDA6FFC5280CE543009C0679 /* gorilla.mp4 */; };
		FDA6FFD0280CE543009C0679 /* lioness.mp4 in Resources */ = {isa = PBXBuildFile; fileRef = FDA6FFC6280CE543009C0679 /* lioness.mp4 */; };
		FDA6FFD1280CE543009C0679 /* elephant.mp4 in Resources */ = {isa = PBXBuildFile; fileRef = FDA6FFC7280CE543009C0679 /* elephant.mp4 */; };
		FDA6FFD7280CE577009C0679 /* covers.json in Resources */ = {isa = PBXBuildFile; fileRef = FDA6FFD3280CE577009C0679 /* covers.json */; };
		FDA6FFD8280CE577009C0679 /* locations.json in Resources */ = {isa = PBXBuildFile; fileRef = FDA6FFD4280CE577009C0679 /* locations.json */; };
		FDA6FFD9280CE577009C0679 /* animals.json in Resources */ = {isa = PBXBuildFile; fileRef = FDA6FFD5280CE577009C0679 /* animals.json */; };
		FDA6FFDA280CE577009C0679 /* videos.json in Resources */ = {isa = PBXBuildFile; fileRef = FDA6FFD6280CE577009C0679 /* videos.json */; };
		FDA6FFDE280CE740009C0679 /* VideoListView.swift in Sources */ = {isa = PBXBuildFile; fileRef = FDA6FFDD280CE740009C0679 /* VideoListView.swift */; };
		FDA6FFE0280CE764009C0679 /* MapView.swift in Sources */ = {isa = PBXBuildFile; fileRef = FDA6FFDF280CE764009C0679 /* MapView.swift */; };
		FDA6FFE2280CE775009C0679 /* GalleryView.swift in Sources */ = {isa = PBXBuildFile; fileRef = FDA6FFE1280CE775009C0679 /* GalleryView.swift */; };
		FDA6FFE6280CE7A3009C0679 /* MainView.swift in Sources */ = {isa = PBXBuildFile; fileRef = FDA6FFE5280CE7A3009C0679 /* MainView.swift */; };
		FDA6FFE9280CE967009C0679 /* CoverImageView.swift in Sources */ = {isa = PBXBuildFile; fileRef = FDA6FFE8280CE967009C0679 /* CoverImageView.swift */; };
		FDA6FFEC280CEAF4009C0679 /* CoverImage.swift in Sources */ = {isa = PBXBuildFile; fileRef = FDA6FFEB280CEAF4009C0679 /* CoverImage.swift */; };
		FDA6FFEF280CEBC8009C0679 /* CodableBundleExtension.swift in Sources */ = {isa = PBXBuildFile; fileRef = FDA6FFEE280CEBC8009C0679 /* CodableBundleExtension.swift */; };
		FDA6FFF1280CEF1B009C0679 /* AnimalListItemView.swift in Sources */ = {isa = PBXBuildFile; fileRef = FDA6FFF0280CEF1B009C0679 /* AnimalListItemView.swift */; };
		FDA6FFF3280CF0B3009C0679 /* AnimalModel.swift in Sources */ = {isa = PBXBuildFile; fileRef = FDA6FFF2280CF0B3009C0679 /* AnimalModel.swift */; };
		FDA6FFF5280CF31E009C0679 /* AnimalDetailView.swift in Sources */ = {isa = PBXBuildFile; fileRef = FDA6FFF4280CF31E009C0679 /* AnimalDetailView.swift */; };
		FDA6FFF7280CF5A1009C0679 /* HeadingView.swift in Sources */ = {isa = PBXBuildFile; fileRef = FDA6FFF6280CF5A1009C0679 /* HeadingView.swift */; };
		FDA6FFF9280CF6C1009C0679 /* InsetGalleryView.swift in Sources */ = {isa = PBXBuildFile; fileRef = FDA6FFF8280CF6C1009C0679 /* InsetGalleryView.swift */; };
/* End PBXBuildFile section */

/* Begin PBXFileReference section */
		FDA6FFAC280CE34A009C0679 /* Africa.app */ = {isa = PBXFileReference; explicitFileType = wrapper.application; includeInIndex = 0; path = Africa.app; sourceTree = BUILT_PRODUCTS_DIR; };
		FDA6FFAF280CE34A009C0679 /* AfricaApp.swift */ = {isa = PBXFileReference; lastKnownFileType = sourcecode.swift; path = AfricaApp.swift; sourceTree = "<group>"; };
		FDA6FFB1280CE34A009C0679 /* ContentView.swift */ = {isa = PBXFileReference; lastKnownFileType = sourcecode.swift; path = ContentView.swift; sourceTree = "<group>"; };
		FDA6FFB3280CE34B009C0679 /* Assets.xcassets */ = {isa = PBXFileReference; lastKnownFileType = folder.assetcatalog; path = Assets.xcassets; sourceTree = "<group>"; };
		FDA6FFB6280CE34B009C0679 /* Preview Assets.xcassets */ = {isa = PBXFileReference; lastKnownFileType = folder.assetcatalog; path = "Preview Assets.xcassets"; sourceTree = "<group>"; };
		FDA6FFBE280CE542009C0679 /* rhino.mp4 */ = {isa = PBXFileReference; lastKnownFileType = file; path = rhino.mp4; sourceTree = "<group>"; };
		FDA6FFBF280CE542009C0679 /* zebra.mp4 */ = {isa = PBXFileReference; lastKnownFileType = file; path = zebra.mp4; sourceTree = "<group>"; };
		FDA6FFC0280CE542009C0679 /* hippo.mp4 */ = {isa = PBXFileReference; lastKnownFileType = file; path = hippo.mp4; sourceTree = "<group>"; };
		FDA6FFC1280CE542009C0679 /* lion.mp4 */ = {isa = PBXFileReference; lastKnownFileType = file; path = lion.mp4; sourceTree = "<group>"; };
		FDA6FFC2280CE543009C0679 /* ostrich.mp4 */ = {isa = PBXFileReference; lastKnownFileType = file; path = ostrich.mp4; sourceTree = "<group>"; };
		FDA6FFC3280CE543009C0679 /* cheetah.mp4 */ = {isa = PBXFileReference; lastKnownFileType = file; path = cheetah.mp4; sourceTree = "<group>"; };
		FDA6FFC4280CE543009C0679 /* giraffe.mp4 */ = {isa = PBXFileReference; lastKnownFileType = file; path = giraffe.mp4; sourceTree = "<group>"; };
		FDA6FFC5280CE543009C0679 /* gorilla.mp4 */ = {isa = PBXFileReference; lastKnownFileType = file; path = gorilla.mp4; sourceTree = "<group>"; };
		FDA6FFC6280CE543009C0679 /* lioness.mp4 */ = {isa = PBXFileReference; lastKnownFileType = file; path = lioness.mp4; sourceTree = "<group>"; };
		FDA6FFC7280CE543009C0679 /* elephant.mp4 */ = {isa = PBXFileReference; lastKnownFileType = file; path = elephant.mp4; sourceTree = "<group>"; };
		FDA6FFD3280CE577009C0679 /* covers.json */ = {isa = PBXFileReference; fileEncoding = 4; lastKnownFileType = text.json; path = covers.json; sourceTree = "<group>"; };
		FDA6FFD4280CE577009C0679 /* locations.json */ = {isa = PBXFileReference; fileEncoding = 4; lastKnownFileType = text.json; path = locations.json; sourceTree = "<group>"; };
		FDA6FFD5280CE577009C0679 /* animals.json */ = {isa = PBXFileReference; fileEncoding = 4; lastKnownFileType = text.json; path = animals.json; sourceTree = "<group>"; };
		FDA6FFD6280CE577009C0679 /* videos.json */ = {isa = PBXFileReference; fileEncoding = 4; lastKnownFileType = text.json; path = videos.json; sourceTree = "<group>"; };
		FDA6FFDB280CE64A009C0679 /* Info.plist */ = {isa = PBXFileReference; lastKnownFileType = text.plist; path = Info.plist; sourceTree = "<group>"; };
		FDA6FFDD280CE740009C0679 /* VideoListView.swift */ = {isa = PBXFileReference; lastKnownFileType = sourcecode.swift; path = VideoListView.swift; sourceTree = "<group>"; };
		FDA6FFDF280CE764009C0679 /* MapView.swift */ = {isa = PBXFileReference; lastKnownFileType = sourcecode.swift; path = MapView.swift; sourceTree = "<group>"; };
		FDA6FFE1280CE775009C0679 /* GalleryView.swift */ = {isa = PBXFileReference; lastKnownFileType = sourcecode.swift; path = GalleryView.swift; sourceTree = "<group>"; };
		FDA6FFE5280CE7A3009C0679 /* MainView.swift */ = {isa = PBXFileReference; lastKnownFileType = sourcecode.swift; path = MainView.swift; sourceTree = "<group>"; };
		FDA6FFE8280CE967009C0679 /* CoverImageView.swift */ = {isa = PBXFileReference; lastKnownFileType = sourcecode.swift; path = CoverImageView.swift; sourceTree = "<group>"; };
		FDA6FFEB280CEAF4009C0679 /* CoverImage.swift */ = {isa = PBXFileReference; lastKnownFileType = sourcecode.swift; path = CoverImage.swift; sourceTree = "<group>"; };
		FDA6FFEE280CEBC8009C0679 /* CodableBundleExtension.swift */ = {isa = PBXFileReference; lastKnownFileType = sourcecode.swift; path = CodableBundleExtension.swift; sourceTree = "<group>"; };
		FDA6FFF0280CEF1B009C0679 /* AnimalListItemView.swift */ = {isa = PBXFileReference; lastKnownFileType = sourcecode.swift; path = AnimalListItemView.swift; sourceTree = "<group>"; };
		FDA6FFF2280CF0B3009C0679 /* AnimalModel.swift */ = {isa = PBXFileReference; lastKnownFileType = sourcecode.swift; path = AnimalModel.swift; sourceTree = "<group>"; };
		FDA6FFF4280CF31E009C0679 /* AnimalDetailView.swift */ = {isa = PBXFileReference; lastKnownFileType = sourcecode.swift; path = AnimalDetailView.swift; sourceTree = "<group>"; };
		FDA6FFF6280CF5A1009C0679 /* HeadingView.swift */ = {isa = PBXFileReference; lastKnownFileType = sourcecode.swift; path = HeadingView.swift; sourceTree = "<group>"; };
		FDA6FFF8280CF6C1009C0679 /* InsetGalleryView.swift */ = {isa = PBXFileReference; lastKnownFileType = sourcecode.swift; path = InsetGalleryView.swift; sourceTree = "<group>"; };
/* End PBXFileReference section */

/* Begin PBXFrameworksBuildPhase section */
		FDA6FFA9280CE34A009C0679 /* Frameworks */ = {
			isa = PBXFrameworksBuildPhase;
			buildActionMask = 2147483647;
			files = (
			);
			runOnlyForDeploymentPostprocessing = 0;
		};
/* End PBXFrameworksBuildPhase section */

/* Begin PBXGroup section */
		FDA6FFA3280CE34A009C0679 = {
			isa = PBXGroup;
			children = (
				FDA6FFAE280CE34A009C0679 /* Africa */,
				FDA6FFAD280CE34A009C0679 /* Products */,
			);
			sourceTree = "<group>";
		};
		FDA6FFAD280CE34A009C0679 /* Products */ = {
			isa = PBXGroup;
			children = (
				FDA6FFAC280CE34A009C0679 /* Africa.app */,
			);
			name = Products;
			sourceTree = "<group>";
		};
		FDA6FFAE280CE34A009C0679 /* Africa */ = {
			isa = PBXGroup;
			children = (
				FDA6FFED280CEBB7009C0679 /* Extension */,
				FDA6FFEA280CEADF009C0679 /* Model */,
				FDA6FFE7280CE954009C0679 /* View */,
				FDA6FFDC280CE716009C0679 /* App */,
				FDA6FFD2280CE56C009C0679 /* Data */,
				FDA6FFBD280CE51A009C0679 /* Video */,
				FDA6FFB3280CE34B009C0679 /* Assets.xcassets */,
				FDA6FFDB280CE64A009C0679 /* Info.plist */,
				FDA6FFB5280CE34B009C0679 /* Preview Content */,
			);
			path = Africa;
			sourceTree = "<group>";
		};
		FDA6FFB5280CE34B009C0679 /* Preview Content */ = {
			isa = PBXGroup;
			children = (
				FDA6FFB6280CE34B009C0679 /* Preview Assets.xcassets */,
			);
			path = "Preview Content";
			sourceTree = "<group>";
		};
		FDA6FFBD280CE51A009C0679 /* Video */ = {
			isa = PBXGroup;
			children = (
				FDA6FFC3280CE543009C0679 /* cheetah.mp4 */,
				FDA6FFC7280CE543009C0679 /* elephant.mp4 */,
				FDA6FFC4280CE543009C0679 /* giraffe.mp4 */,
				FDA6FFC5280CE543009C0679 /* gorilla.mp4 */,
				FDA6FFC0280CE542009C0679 /* hippo.mp4 */,
				FDA6FFC1280CE542009C0679 /* lion.mp4 */,
				FDA6FFC6280CE543009C0679 /* lioness.mp4 */,
				FDA6FFC2280CE543009C0679 /* ostrich.mp4 */,
				FDA6FFBE280CE542009C0679 /* rhino.mp4 */,
				FDA6FFBF280CE542009C0679 /* zebra.mp4 */,
			);
			path = Video;
			sourceTree = "<group>";
		};
		FDA6FFD2280CE56C009C0679 /* Data */ = {
			isa = PBXGroup;
			children = (
				FDA6FFD5280CE577009C0679 /* animals.json */,
				FDA6FFD3280CE577009C0679 /* covers.json */,
				FDA6FFD4280CE577009C0679 /* locations.json */,
				FDA6FFD6280CE577009C0679 /* videos.json */,
			);
			path = Data;
			sourceTree = "<group>";
		};
		FDA6FFDC280CE716009C0679 /* App */ = {
			isa = PBXGroup;
			children = (
				FDA6FFAF280CE34A009C0679 /* AfricaApp.swift */,
				FDA6FFB1280CE34A009C0679 /* ContentView.swift */,
				FDA6FFDD280CE740009C0679 /* VideoListView.swift */,
				FDA6FFDF280CE764009C0679 /* MapView.swift */,
				FDA6FFE1280CE775009C0679 /* GalleryView.swift */,
				FDA6FFE5280CE7A3009C0679 /* MainView.swift */,
			);
			path = App;
			sourceTree = "<group>";
		};
		FDA6FFE7280CE954009C0679 /* View */ = {
			isa = PBXGroup;
			children = (
				FDA6FFE8280CE967009C0679 /* CoverImageView.swift */,
				FDA6FFF0280CEF1B009C0679 /* AnimalListItemView.swift */,
				FDA6FFF4280CF31E009C0679 /* AnimalDetailView.swift */,
				FDA6FFF6280CF5A1009C0679 /* HeadingView.swift */,
				FDA6FFF8280CF6C1009C0679 /* InsetGalleryView.swift */,
			);
			path = View;
			sourceTree = "<group>";
		};
		FDA6FFEA280CEADF009C0679 /* Model */ = {
			isa = PBXGroup;
			children = (
				FDA6FFEB280CEAF4009C0679 /* CoverImage.swift */,
				FDA6FFF2280CF0B3009C0679 /* AnimalModel.swift */,
			);
			path = Model;
			sourceTree = "<group>";
		};
		FDA6FFED280CEBB7009C0679 /* Extension */ = {
			isa = PBXGroup;
			children = (
				FDA6FFEE280CEBC8009C0679 /* CodableBundleExtension.swift */,
			);
			path = Extension;
			sourceTree = "<group>";
		};
/* End PBXGroup section */

/* Begin PBXNativeTarget section */
		FDA6FFAB280CE34A009C0679 /* Africa */ = {
			isa = PBXNativeTarget;
			buildConfigurationList = FDA6FFBA280CE34B009C0679 /* Build configuration list for PBXNativeTarget "Africa" */;
			buildPhases = (
				FDA6FFA8280CE34A009C0679 /* Sources */,
				FDA6FFA9280CE34A009C0679 /* Frameworks */,
				FDA6FFAA280CE34A009C0679 /* Resources */,
			);
			buildRules = (
			);
			dependencies = (
			);
			name = Africa;
			productName = Africa;
			productReference = FDA6FFAC280CE34A009C0679 /* Africa.app */;
			productType = "com.apple.product-type.application";
		};
/* End PBXNativeTarget section */

/* Begin PBXProject section */
		FDA6FFA4280CE34A009C0679 /* Project object */ = {
			isa = PBXProject;
			attributes = {
				BuildIndependentTargetsInParallel = 1;
				LastSwiftUpdateCheck = 1330;
				LastUpgradeCheck = 1330;
				TargetAttributes = {
					FDA6FFAB280CE34A009C0679 = {
						CreatedOnToolsVersion = 13.3;
					};
				};
			};
			buildConfigurationList = FDA6FFA7280CE34A009C0679 /* Build configuration list for PBXProject "Africa" */;
			compatibilityVersion = "Xcode 13.0";
			developmentRegion = en;
			hasScannedForEncodings = 0;
			knownRegions = (
				en,
				Base,
			);
			mainGroup = FDA6FFA3280CE34A009C0679;
			productRefGroup = FDA6FFAD280CE34A009C0679 /* Products */;
			projectDirPath = "";
			projectRoot = "";
			targets = (
				FDA6FFAB280CE34A009C0679 /* Africa */,
			);
		};
/* End PBXProject section */

/* Begin PBXResourcesBuildPhase section */
		FDA6FFAA280CE34A009C0679 /* Resources */ = {
			isa = PBXResourcesBuildPhase;
			buildActionMask = 2147483647;
			files = (
				FDA6FFD9280CE577009C0679 /* animals.json in Resources */,
				FDA6FFD8280CE577009C0679 /* locations.json in Resources */,
				FDA6FFD7280CE577009C0679 /* covers.json in Resources */,
				FDA6FFCA280CE543009C0679 /* hippo.mp4 in Resources */,
				FDA6FFD0280CE543009C0679 /* lioness.mp4 in Resources */,
				FDA6FFCC280CE543009C0679 /* ostrich.mp4 in Resources */,
				FDA6FFCF280CE543009C0679 /* gorilla.mp4 in Resources */,
				FDA6FFCB280CE543009C0679 /* lion.mp4 in Resources */,
				FDA6FFC9280CE543009C0679 /* zebra.mp4 in Resources */,
				FDA6FFCD280CE543009C0679 /* cheetah.mp4 in Resources */,
				FDA6FFC8280CE543009C0679 /* rhino.mp4 in Resources */,
				FDA6FFD1280CE543009C0679 /* elephant.mp4 in Resources */,
				FDA6FFB7280CE34B009C0679 /* Preview Assets.xcassets in Resources */,
				FDA6FFDA280CE577009C0679 /* videos.json in Resources */,
				FDA6FFB4280CE34B009C0679 /* Assets.xcassets in Resources */,
				FDA6FFCE280CE543009C0679 /* giraffe.mp4 in Resources */,
			);
			runOnlyForDeploymentPostprocessing = 0;
		};
/* End PBXResourcesBuildPhase section */

/* Begin PBXSourcesBuildPhase section */
		FDA6FFA8280CE34A009C0679 /* Sources */ = {
			isa = PBXSourcesBuildPhase;
			buildActionMask = 2147483647;
			files = (
				FDA6FFB2280CE34A009C0679 /* ContentView.swift in Sources */,
				FDA6FFF1280CEF1B009C0679 /* AnimalListItemView.swift in Sources */,
				FDA6FFE6280CE7A3009C0679 /* MainView.swift in Sources */,
				FDA6FFE9280CE967009C0679 /* CoverImageView.swift in Sources */,
				FDA6FFE0280CE764009C0679 /* MapView.swift in Sources */,
				FDA6FFF5280CF31E009C0679 /* AnimalDetailView.swift in Sources */,
				FDA6FFF3280CF0B3009C0679 /* AnimalModel.swift in Sources */,
				FDA6FFB0280CE34A009C0679 /* AfricaApp.swift in Sources */,
				FDA6FFEC280CEAF4009C0679 /* CoverImage.swift in Sources */,
				FDA6FFDE280CE740009C0679 /* VideoListView.swift in Sources */,
				FDA6FFE2280CE775009C0679 /* GalleryView.swift in Sources */,
				FDA6FFF9280CF6C1009C0679 /* InsetGalleryView.swift in Sources */,
				FDA6FFEF280CEBC8009C0679 /* CodableBundleExtension.swift in Sources */,
				FDA6FFF7280CF5A1009C0679 /* HeadingView.swift in Sources */,
			);
			runOnlyForDeploymentPostprocessing = 0;
		};
/* End PBXSourcesBuildPhase section */

/* Begin XCBuildConfiguration section */
		FDA6FFB8280CE34B009C0679 /* Debug */ = {
			isa = XCBuildConfiguration;
			buildSettings = {
				ALWAYS_SEARCH_USER_PATHS = NO;
				CLANG_ANALYZER_NONNULL = YES;
				CLANG_ANALYZER_NUMBER_OBJECT_CONVERSION = YES_AGGRESSIVE;
				CLANG_CXX_LANGUAGE_STANDARD = "gnu++17";
				CLANG_ENABLE_MODULES = YES;
				CLANG_ENABLE_OBJC_ARC = YES;
				CLANG_ENABLE_OBJC_WEAK = YES;
				CLANG_WARN_BLOCK_CAPTURE_AUTORELEASING = YES;
				CLANG_WARN_BOOL_CONVERSION = YES;
				CLANG_WARN_COMMA = YES;
				CLANG_WARN_CONSTANT_CONVERSION = YES;
				CLANG_WARN_DEPRECATED_OBJC_IMPLEMENTATIONS = YES;
				CLANG_WARN_DIRECT_OBJC_ISA_USAGE = YES_ERROR;
				CLANG_WARN_DOCUMENTATION_COMMENTS = YES;
				CLANG_WARN_EMPTY_BODY = YES;
				CLANG_WARN_ENUM_CONVERSION = YES;
				CLANG_WARN_INFINITE_RECURSION = YES;
				CLANG_WARN_INT_CONVERSION = YES;
				CLANG_WARN_NON_LITERAL_NULL_CONVERSION = YES;
				CLANG_WARN_OBJC_IMPLICIT_RETAIN_SELF = YES;
				CLANG_WARN_OBJC_LITERAL_CONVERSION = YES;
				CLANG_WARN_OBJC_ROOT_CLASS = YES_ERROR;
				CLANG_WARN_QUOTED_INCLUDE_IN_FRAMEWORK_HEADER = YES;
				CLANG_WARN_RANGE_LOOP_ANALYSIS = YES;
				CLANG_WARN_STRICT_PROTOTYPES = YES;
				CLANG_WARN_SUSPICIOUS_MOVE = YES;
				CLANG_WARN_UNGUARDED_AVAILABILITY = YES_AGGRESSIVE;
				CLANG_WARN_UNREACHABLE_CODE = YES;
				CLANG_WARN__DUPLICATE_METHOD_MATCH = YES;
				COPY_PHASE_STRIP = NO;
				DEBUG_INFORMATION_FORMAT = dwarf;
				ENABLE_STRICT_OBJC_MSGSEND = YES;
				ENABLE_TESTABILITY = YES;
				GCC_C_LANGUAGE_STANDARD = gnu11;
				GCC_DYNAMIC_NO_PIC = NO;
				GCC_NO_COMMON_BLOCKS = YES;
				GCC_OPTIMIZATION_LEVEL = 0;
				GCC_PREPROCESSOR_DEFINITIONS = (
					"DEBUG=1",
					"$(inherited)",
				);
				GCC_WARN_64_TO_32_BIT_CONVERSION = YES;
				GCC_WARN_ABOUT_RETURN_TYPE = YES_ERROR;
				GCC_WARN_UNDECLARED_SELECTOR = YES;
				GCC_WARN_UNINITIALIZED_AUTOS = YES_AGGRESSIVE;
				GCC_WARN_UNUSED_FUNCTION = YES;
				GCC_WARN_UNUSED_VARIABLE = YES;
				IPHONEOS_DEPLOYMENT_TARGET = 15.4;
				MTL_ENABLE_DEBUG_INFO = INCLUDE_SOURCE;
				MTL_FAST_MATH = YES;
				ONLY_ACTIVE_ARCH = YES;
				SDKROOT = iphoneos;
				SWIFT_ACTIVE_COMPILATION_CONDITIONS = DEBUG;
				SWIFT_OPTIMIZATION_LEVEL = "-Onone";
			};
			name = Debug;
		};
		FDA6FFB9280CE34B009C0679 /* Release */ = {
			isa = XCBuildConfiguration;
			buildSettings = {
				ALWAYS_SEARCH_USER_PATHS = NO;
				CLANG_ANALYZER_NONNULL = YES;
				CLANG_ANALYZER_NUMBER_OBJECT_CONVERSION = YES_AGGRESSIVE;
				CLANG_CXX_LANGUAGE_STANDARD = "gnu++17";
				CLANG_ENABLE_MODULES = YES;
				CLANG_ENABLE_OBJC_ARC = YES;
				CLANG_ENABLE_OBJC_WEAK = YES;
				CLANG_WARN_BLOCK_CAPTURE_AUTORELEASING = YES;
				CLANG_WARN_BOOL_CONVERSION = YES;
				CLANG_WARN_COMMA = YES;
				CLANG_WARN_CONSTANT_CONVERSION = YES;
				CLANG_WARN_DEPRECATED_OBJC_IMPLEMENTATIONS = YES;
				CLANG_WARN_DIRECT_OBJC_ISA_USAGE = YES_ERROR;
				CLANG_WARN_DOCUMENTATION_COMMENTS = YES;
				CLANG_WARN_EMPTY_BODY = YES;
				CLANG_WARN_ENUM_CONVERSION = YES;
				CLANG_WARN_INFINITE_RECURSION = YES;
				CLANG_WARN_INT_CONVERSION = YES;
				CLANG_WARN_NON_LITERAL_NULL_CONVERSION = YES;
				CLANG_WARN_OBJC_IMPLICIT_RETAIN_SELF = YES;
				CLANG_WARN_OBJC_LITERAL_CONVERSION = YES;
				CLANG_WARN_OBJC_ROOT_CLASS = YES_ERROR;
				CLANG_WARN_QUOTED_INCLUDE_IN_FRAMEWORK_HEADER = YES;
				CLANG_WARN_RANGE_LOOP_ANALYSIS = YES;
				CLANG_WARN_STRICT_PROTOTYPES = YES;
				CLANG_WARN_SUSPICIOUS_MOVE = YES;
				CLANG_WARN_UNGUARDED_AVAILABILITY = YES_AGGRESSIVE;
				CLANG_WARN_UNREACHABLE_CODE = YES;
				CLANG_WARN__DUPLICATE_METHOD_MATCH = YES;
				COPY_PHASE_STRIP = NO;
				DEBUG_INFORMATION_FORMAT = "dwarf-with-dsym";
				ENABLE_NS_ASSERTIONS = NO;
				ENABLE_STRICT_OBJC_MSGSEND = YES;
				GCC_C_LANGUAGE_STANDARD = gnu11;
				GCC_NO_COMMON_BLOCKS = YES;
				GCC_WARN_64_TO_32_BIT_CONVERSION = YES;
				GCC_WARN_ABOUT_RETURN_TYPE = YES_ERROR;
				GCC_WARN_UNDECLARED_SELECTOR = YES;
				GCC_WARN_UNINITIALIZED_AUTOS = YES_AGGRESSIVE;
				GCC_WARN_UNUSED_FUNCTION = YES;
				GCC_WARN_UNUSED_VARIABLE = YES;
				IPHONEOS_DEPLOYMENT_TARGET = 15.4;
				MTL_ENABLE_DEBUG_INFO = NO;
				MTL_FAST_MATH = YES;
				SDKROOT = iphoneos;
				SWIFT_COMPILATION_MODE = wholemodule;
				SWIFT_OPTIMIZATION_LEVEL = "-O";
				VALIDATE_PRODUCT = YES;
			};
			name = Release;
		};
		FDA6FFBB280CE34B009C0679 /* Debug */ = {
			isa = XCBuildConfiguration;
			buildSettings = {
				ASSETCATALOG_COMPILER_APPICON_NAME = AppIcon;
				ASSETCATALOG_COMPILER_GLOBAL_ACCENT_COLOR_NAME = AccentColor;
				CODE_SIGN_STYLE = Automatic;
				CURRENT_PROJECT_VERSION = 1;
				DEVELOPMENT_ASSET_PATHS = "\"Africa/Preview Content\"";
				DEVELOPMENT_TEAM = 4KD65TKKK8;
				ENABLE_PREVIEWS = YES;
				GENERATE_INFOPLIST_FILE = YES;
				INFOPLIST_FILE = Africa/Info.plist;
				INFOPLIST_KEY_UIApplicationSceneManifest_Generation = YES;
				INFOPLIST_KEY_UIApplicationSupportsIndirectInputEvents = YES;
				INFOPLIST_KEY_UISupportedInterfaceOrientations_iPad = "UIInterfaceOrientationPortrait UIInterfaceOrientationPortraitUpsideDown UIInterfaceOrientationLandscapeLeft UIInterfaceOrientationLandscapeRight";
				INFOPLIST_KEY_UISupportedInterfaceOrientations_iPhone = "UIInterfaceOrientationPortrait UIInterfaceOrientationLandscapeLeft UIInterfaceOrientationLandscapeRight";
				INFOPLIST_KEY_UIUserInterfaceStyle = Dark;
				LD_RUNPATH_SEARCH_PATHS = (
					"$(inherited)",
					"@executable_path/Frameworks",
				);
				MARKETING_VERSION = 1.0;
				PRODUCT_BUNDLE_IDENTIFIER = com.lauramjohnson.Africa;
				PRODUCT_NAME = "$(TARGET_NAME)";
				SWIFT_EMIT_LOC_STRINGS = YES;
				SWIFT_VERSION = 5.0;
				TARGETED_DEVICE_FAMILY = "1,2";
			};
			name = Debug;
		};
		FDA6FFBC280CE34B009C0679 /* Release */ = {
			isa = XCBuildConfiguration;
			buildSettings = {
				ASSETCATALOG_COMPILER_APPICON_NAME = AppIcon;
				ASSETCATALOG_COMPILER_GLOBAL_ACCENT_COLOR_NAME = AccentColor;
				CODE_SIGN_STYLE = Automatic;
				CURRENT_PROJECT_VERSION = 1;
				DEVELOPMENT_ASSET_PATHS = "\"Africa/Preview Content\"";
				DEVELOPMENT_TEAM = 4KD65TKKK8;
				ENABLE_PREVIEWS = YES;
				GENERATE_INFOPLIST_FILE = YES;
				INFOPLIST_FILE = Africa/Info.plist;
				INFOPLIST_KEY_UIApplicationSceneManifest_Generation = YES;
				INFOPLIST_KEY_UIApplicationSupportsIndirectInputEvents = YES;
				INFOPLIST_KEY_UISupportedInterfaceOrientations_iPad = "UIInterfaceOrientationPortrait UIInterfaceOrientationPortraitUpsideDown UIInterfaceOrientationLandscapeLeft UIInterfaceOrientationLandscapeRight";
				INFOPLIST_KEY_UISupportedInterfaceOrientations_iPhone = "UIInterfaceOrientationPortrait UIInterfaceOrientationLandscapeLeft UIInterfaceOrientationLandscapeRight";
				INFOPLIST_KEY_UIUserInterfaceStyle = Dark;
				LD_RUNPATH_SEARCH_PATHS = (
					"$(inherited)",
					"@executable_path/Frameworks",
				);
				MARKETING_VERSION = 1.0;
				PRODUCT_BUNDLE_IDENTIFIER = com.lauramjohnson.Africa;
				PRODUCT_NAME = "$(TARGET_NAME)";
				SWIFT_EMIT_LOC_STRINGS = YES;
				SWIFT_VERSION = 5.0;
				TARGETED_DEVICE_FAMILY = "1,2";
			};
			name = Release;
		};
/* End XCBuildConfiguration section */

/* Begin XCConfigurationList section */
		FDA6FFA7280CE34A009C0679 /* Build configuration list for PBXProject "Africa" */ = {
			isa = XCConfigurationList;
			buildConfigurations = (
				FDA6FFB8280CE34B009C0679 /* Debug */,
				FDA6FFB9280CE34B009C0679 /* Release */,
			);
			defaultConfigurationIsVisible = 0;
			defaultConfigurationName = Release;
		};
		FDA6FFBA280CE34B009C0679 /* Build configuration list for PBXNativeTarget "Africa" */ = {
			isa = XCConfigurationList;
			buildConfigurations = (
				FDA6FFBB280CE34B009C0679 /* Debug */,
				FDA6FFBC280CE34B009C0679 /* Release */,
			);
			defaultConfigurationIsVisible = 0;
			defaultConfigurationName = Release;
		};
/* End XCConfigurationList section */
	};
	rootObject = FDA6FFA4280CE34A009C0679 /* Project object */;
}
